// !$*UTF8*$!
{
	archiveVersion = 1;
	classes = {
	};
	objectVersion = 50;
	objects = {

/* Begin PBXBuildFile section */
		FC57DF5F2628930700CFFEF3 /* AppDelegate.swift in Sources */ = {isa = PBXBuildFile; fileRef = FC57DF5E2628930700CFFEF3 /* AppDelegate.swift */; };
		FC57DF612628930700CFFEF3 /* SceneDelegate.swift in Sources */ = {isa = PBXBuildFile; fileRef = FC57DF602628930700CFFEF3 /* SceneDelegate.swift */; };
		FC57DF632628930700CFFEF3 /* ViewController.swift in Sources */ = {isa = PBXBuildFile; fileRef = FC57DF622628930700CFFEF3 /* ViewController.swift */; };
		FC57DF662628930700CFFEF3 /* Main.storyboard in Resources */ = {isa = PBXBuildFile; fileRef = FC57DF642628930700CFFEF3 /* Main.storyboard */; };
		FC57DF682628930B00CFFEF3 /* Assets.xcassets in Resources */ = {isa = PBXBuildFile; fileRef = FC57DF672628930B00CFFEF3 /* Assets.xcassets */; };
		FC57DF6B2628930B00CFFEF3 /* LaunchScreen.storyboard in Resources */ = {isa = PBXBuildFile; fileRef = FC57DF692628930B00CFFEF3 /* LaunchScreen.storyboard */; };
/* End PBXBuildFile section */

/* Begin PBXFileReference section */
		FC57DF5B2628930700CFFEF3 /* FuzzyChatBot.app */ = {isa = PBXFileReference; explicitFileType = wrapper.application; includeInIndex = 0; path = FuzzyChatBot.app; sourceTree = BUILT_PRODUCTS_DIR; };
		FC57DF5E2628930700CFFEF3 /* AppDelegate.swift */ = {isa = PBXFileReference; lastKnownFileType = sourcecode.swift; path = AppDelegate.swift; sourceTree = "<group>"; };
		FC57DF602628930700CFFEF3 /* SceneDelegate.swift */ = {isa = PBXFileReference; lastKnownFileType = sourcecode.swift; path = SceneDelegate.swift; sourceTree = "<group>"; };
		FC57DF622628930700CFFEF3 /* ViewController.swift */ = {isa = PBXFileReference; lastKnownFileType = sourcecode.swift; path = ViewController.swift; sourceTree = "<group>"; };
		FC57DF652628930700CFFEF3 /* Base */ = {isa = PBXFileReference; lastKnownFileType = file.storyboard; name = Base; path = Base.lproj/Main.storyboard; sourceTree = "<group>"; };
		FC57DF672628930B00CFFEF3 /* Assets.xcassets */ = {isa = PBXFileReference; lastKnownFileType = folder.assetcatalog; path = Assets.xcassets; sourceTree = "<group>"; };
		FC57DF6A2628930B00CFFEF3 /* Base */ = {isa = PBXFileReference; lastKnownFileType = file.storyboard; name = Base; path = Base.lproj/LaunchScreen.storyboard; sourceTree = "<group>"; };
		FC57DF6C2628930B00CFFEF3 /* Info.plist */ = {isa = PBXFileReference; lastKnownFileType = text.plist.xml; path = Info.plist; sourceTree = "<group>"; };
/* End PBXFileReference section */

/* Begin PBXFrameworksBuildPhase section */
		FC57DF582628930700CFFEF3 /* Frameworks */ = {
			isa = PBXFrameworksBuildPhase;
			buildActionMask = 2147483647;
			files = (
			);
			runOnlyForDeploymentPostprocessing = 0;
		};
/* End PBXFrameworksBuildPhase section */

/* Begin PBXGroup section */
		FC57DF522628930700CFFEF3 = {
			isa = PBXGroup;
			children = (
				FC57DF5D2628930700CFFEF3 /* FuzzyChatBot */,
				FC57DF5C2628930700CFFEF3 /* Products */,
			);
			sourceTree = "<group>";
		};
		FC57DF5C2628930700CFFEF3 /* Products */ = {
			isa = PBXGroup;
			children = (
				FC57DF5B2628930700CFFEF3 /* FuzzyChatBot.app */,
			);
			name = Products;
			sourceTree = "<group>";
		};
		FC57DF5D2628930700CFFEF3 /* FuzzyChatBot */ = {
			isa = PBXGroup;
			children = (
				FC57DF5E2628930700CFFEF3 /* AppDelegate.swift */,
				FC57DF602628930700CFFEF3 /* SceneDelegate.swift */,
				FC57DF622628930700CFFEF3 /* ViewController.swift */,
				FC57DF642628930700CFFEF3 /* Main.storyboard */,
				FC57DF672628930B00CFFEF3 /* Assets.xcassets */,
				FC57DF692628930B00CFFEF3 /* LaunchScreen.storyboard */,
				FC57DF6C2628930B00CFFEF3 /* Info.plist */,
			);
			path = FuzzyChatBot;
			sourceTree = "<group>";
		};
/* End PBXGroup section */

/* Begin PBXNativeTarget section */
		FC57DF5A2628930700CFFEF3 /* FuzzyChatBot */ = {
			isa = PBXNativeTarget;
			buildConfigurationList = FC57DF6F2628930B00CFFEF3 /* Build configuration list for PBXNativeTarget "FuzzyChatBot" */;
			buildPhases = (
				FC57DF572628930700CFFEF3 /* Sources */,
				FC57DF582628930700CFFEF3 /* Frameworks */,
				FC57DF592628930700CFFEF3 /* Resources */,
			);
			buildRules = (
			);
			dependencies = (
			);
			name = FuzzyChatBot;
			productName = FuzzyChatBot;
			productReference = FC57DF5B2628930700CFFEF3 /* FuzzyChatBot.app */;
			productType = "com.apple.product-type.application";
		};
/* End PBXNativeTarget section */

/* Begin PBXProject section */
		FC57DF532628930700CFFEF3 /* Project object */ = {
			isa = PBXProject;
			attributes = {
				LastSwiftUpdateCheck = 1170;
				LastUpgradeCheck = 1170;
				ORGANIZATIONNAME = "Jonathan Chua";
				TargetAttributes = {
					FC57DF5A2628930700CFFEF3 = {
						CreatedOnToolsVersion = 11.7;
					};
				};
			};
			buildConfigurationList = FC57DF562628930700CFFEF3 /* Build configuration list for PBXProject "FuzzyChatBot" */;
			compatibilityVersion = "Xcode 9.3";
			developmentRegion = en;
			hasScannedForEncodings = 0;
			knownRegions = (
				en,
				Base,
			);
			mainGroup = FC57DF522628930700CFFEF3;
			productRefGroup = FC57DF5C2628930700CFFEF3 /* Products */;
			projectDirPath = "";
			projectRoot = "";
			targets = (
				FC57DF5A2628930700CFFEF3 /* FuzzyChatBot */,
			);
		};
/* End PBXProject section */

/* Begin PBXResourcesBuildPhase section */
		FC57DF592628930700CFFEF3 /* Resources */ = {
			isa = PBXResourcesBuildPhase;
			buildActionMask = 2147483647;
			files = (
				FC57DF6B2628930B00CFFEF3 /* LaunchScreen.storyboard in Resources */,
				FC57DF682628930B00CFFEF3 /* Assets.xcassets in Resources */,
				FC57DF662628930700CFFEF3 /* Main.storyboard in Resources */,
			);
			runOnlyForDeploymentPostprocessing = 0;
		};
/* End PBXResourcesBuildPhase section */

/* Begin PBXSourcesBuildPhase section */
		FC57DF572628930700CFFEF3 /* Sources */ = {
			isa = PBXSourcesBuildPhase;
			buildActionMask = 2147483647;
			files = (
				FC57DF632628930700CFFEF3 /* ViewController.swift in Sources */,
				FC57DF5F2628930700CFFEF3 /* AppDelegate.swift in Sources */,
				FC57DF612628930700CFFEF3 /* SceneDelegate.swift in Sources */,
			);
			runOnlyForDeploymentPostprocessing = 0;
		};
/* End PBXSourcesBuildPhase section */

/* Begin PBXVariantGroup section */
		FC57DF642628930700CFFEF3 /* Main.storyboard */ = {
			isa = PBXVariantGroup;
			children = (
				FC57DF652628930700CFFEF3 /* Base */,
			);
			name = Main.storyboard;
			sourceTree = "<group>";
		};
		FC57DF692628930B00CFFEF3 /* LaunchScreen.storyboard */ = {
			isa = PBXVariantGroup;
			children = (
				FC57DF6A2628930B00CFFEF3 /* Base */,
			);
			name = LaunchScreen.storyboard;
			sourceTree = "<group>";
		};
/* End PBXVariantGroup section */

/* Begin XCBuildConfiguration section */
		FC57DF6D2628930B00CFFEF3 /* Debug */ = {
			isa = XCBuildConfiguration;
			buildSettings = {
				ALWAYS_SEARCH_USER_PATHS = NO;
				CLANG_ANALYZER_NONNULL = YES;
				CLANG_ANALYZER_NUMBER_OBJECT_CONVERSION = YES_AGGRESSIVE;
				CLANG_CXX_LANGUAGE_STANDARD = "gnu++14";
				CLANG_CXX_LIBRARY = "libc++";
				CLANG_ENABLE_MODULES = YES;
				CLANG_ENABLE_OBJC_ARC = YES;
				CLANG_ENABLE_OBJC_WEAK = YES;
				CLANG_WARN_BLOCK_CAPTURE_AUTORELEASING = YES;
				CLANG_WARN_BOOL_CONVERSION = YES;
				CLANG_WARN_COMMA = YES;
				CLANG_WARN_CONSTANT_CONVERSION = YES;
				CLANG_WARN_DEPRECATED_OBJC_IMPLEMENTATIONS = YES;
				CLANG_WARN_DIRECT_OBJC_ISA_USAGE = YES_ERROR;
				CLANG_WARN_DOCUMENTATION_COMMENTS = YES;
				CLANG_WARN_EMPTY_BODY = YES;
				CLANG_WARN_ENUM_CONVERSION = YES;
				CLANG_WARN_INFINITE_RECURSION = YES;
				CLANG_WARN_INT_CONVERSION = YES;
				CLANG_WARN_NON_LITERAL_NULL_CONVERSION = YES;
				CLANG_WARN_OBJC_IMPLICIT_RETAIN_SELF = YES;
				CLANG_WARN_OBJC_LITERAL_CONVERSION = YES;
				CLANG_WARN_OBJC_ROOT_CLASS = YES_ERROR;
				CLANG_WARN_RANGE_LOOP_ANALYSIS = YES;
				CLANG_WARN_STRICT_PROTOTYPES = YES;
				CLANG_WARN_SUSPICIOUS_MOVE = YES;
				CLANG_WARN_UNGUARDED_AVAILABILITY = YES_AGGRESSIVE;
				CLANG_WARN_UNREACHABLE_CODE = YES;
				CLANG_WARN__DUPLICATE_METHOD_MATCH = YES;
				COPY_PHASE_STRIP = NO;
				DEBUG_INFORMATION_FORMAT = dwarf;
				ENABLE_STRICT_OBJC_MSGSEND = YES;
				ENABLE_TESTABILITY = YES;
				GCC_C_LANGUAGE_STANDARD = gnu11;
				GCC_DYNAMIC_NO_PIC = NO;
				GCC_NO_COMMON_BLOCKS = YES;
				GCC_OPTIMIZATION_LEVEL = 0;
				GCC_PREPROCESSOR_DEFINITIONS = (
					"DEBUG=1",
					"$(inherited)",
				);
				GCC_WARN_64_TO_32_BIT_CONVERSION = YES;
				GCC_WARN_ABOUT_RETURN_TYPE = YES_ERROR;
				GCC_WARN_UNDECLARED_SELECTOR = YES;
				GCC_WARN_UNINITIALIZED_AUTOS = YES_AGGRESSIVE;
				GCC_WARN_UNUSED_FUNCTION = YES;
				GCC_WARN_UNUSED_VARIABLE = YES;
				IPHONEOS_DEPLOYMENT_TARGET = 13.7;
				MTL_ENABLE_DEBUG_INFO = INCLUDE_SOURCE;
				MTL_FAST_MATH = YES;
				ONLY_ACTIVE_ARCH = YES;
				SDKROOT = iphoneos;
				SWIFT_ACTIVE_COMPILATION_CONDITIONS = DEBUG;
				SWIFT_OPTIMIZATION_LEVEL = "-Onone";
			};
			name = Debug;
		};
		FC57DF6E2628930B00CFFEF3 /* Release */ = {
			isa = XCBuildConfiguration;
			buildSettings = {
				ALWAYS_SEARCH_USER_PATHS = NO;
				CLANG_ANALYZER_NONNULL = YES;
				CLANG_ANALYZER_NUMBER_OBJECT_CONVERSION = YES_AGGRESSIVE;
				CLANG_CXX_LANGUAGE_STANDARD = "gnu++14";
				CLANG_CXX_LIBRARY = "libc++";
				CLANG_ENABLE_MODULES = YES;
				CLANG_ENABLE_OBJC_ARC = YES;
				CLANG_ENABLE_OBJC_WEAK = YES;
				CLANG_WARN_BLOCK_CAPTURE_AUTORELEASING = YES;
				CLANG_WARN_BOOL_CONVERSION = YES;
				CLANG_WARN_COMMA = YES;
				CLANG_WARN_CONSTANT_CONVERSION = YES;
				CLANG_WARN_DEPRECATED_OBJC_IMPLEMENTATIONS = YES;
				CLANG_WARN_DIRECT_OBJC_ISA_USAGE = YES_ERROR;
				CLANG_WARN_DOCUMENTATION_COMMENTS = YES;
				CLANG_WARN_EMPTY_BODY = YES;
				CLANG_WARN_ENUM_CONVERSION = YES;
				CLANG_WARN_INFINITE_RECURSION = YES;
				CLANG_WARN_INT_CONVERSION = YES;
				CLANG_WARN_NON_LITERAL_NULL_CONVERSION = YES;
				CLANG_WARN_OBJC_IMPLICIT_RETAIN_SELF = YES;
				CLANG_WARN_OBJC_LITERAL_CONVERSION = YES;
				CLANG_WARN_OBJC_ROOT_CLASS = YES_ERROR;
				CLANG_WARN_RANGE_LOOP_ANALYSIS = YES;
				CLANG_WARN_STRICT_PROTOTYPES = YES;
				CLANG_WARN_SUSPICIOUS_MOVE = YES;
				CLANG_WARN_UNGUARDED_AVAILABILITY = YES_AGGRESSIVE;
				CLANG_WARN_UNREACHABLE_CODE = YES;
				CLANG_WARN__DUPLICATE_METHOD_MATCH = YES;
				COPY_PHASE_STRIP = NO;
				DEBUG_INFORMATION_FORMAT = "dwarf-with-dsym";
				ENABLE_NS_ASSERTIONS = NO;
				ENABLE_STRICT_OBJC_MSGSEND = YES;
				GCC_C_LANGUAGE_STANDARD = gnu11;
				GCC_NO_COMMON_BLOCKS = YES;
				GCC_WARN_64_TO_32_BIT_CONVERSION = YES;
				GCC_WARN_ABOUT_RETURN_TYPE = YES_ERROR;
				GCC_WARN_UNDECLARED_SELECTOR = YES;
				GCC_WARN_UNINITIALIZED_AUTOS = YES_AGGRESSIVE;
				GCC_WARN_UNUSED_FUNCTION = YES;
				GCC_WARN_UNUSED_VARIABLE = YES;
				IPHONEOS_DEPLOYMENT_TARGET = 13.7;
				MTL_ENABLE_DEBUG_INFO = NO;
				MTL_FAST_MATH = YES;
				SDKROOT = iphoneos;
				SWIFT_COMPILATION_MODE = wholemodule;
				SWIFT_OPTIMIZATION_LEVEL = "-O";
				VALIDATE_PRODUCT = YES;
			};
			name = Release;
		};
		FC57DF702628930B00CFFEF3 /* Debug */ = {
			isa = XCBuildConfiguration;
			buildSettings = {
				ASSETCATALOG_COMPILER_APPICON_NAME = AppIcon;
				CODE_SIGN_STYLE = Automatic;
				INFOPLIST_FILE = FuzzyChatBot/Info.plist;
				LD_RUNPATH_SEARCH_PATHS = (
					"$(inherited)",
					"@executable_path/Frameworks",
				);
				PRODUCT_BUNDLE_IDENTIFIER = com.chuabacca.FuzzyChatBot;
				PRODUCT_NAME = "$(TARGET_NAME)";
				SWIFT_VERSION = 5.0;
				TARGETED_DEVICE_FAMILY = "1,2";
			};
			name = Debug;
		};
		FC57DF712628930B00CFFEF3 /* Release */ = {
			isa = XCBuildConfiguration;
			buildSettings = {
				ASSETCATALOG_COMPILER_APPICON_NAME = AppIcon;
				CODE_SIGN_STYLE = Automatic;
				INFOPLIST_FILE = FuzzyChatBot/Info.plist;
				LD_RUNPATH_SEARCH_PATHS = (
					"$(inherited)",
					"@executable_path/Frameworks",
				);
				PRODUCT_BUNDLE_IDENTIFIER = com.chuabacca.FuzzyChatBot;
				PRODUCT_NAME = "$(TARGET_NAME)";
				SWIFT_VERSION = 5.0;
				TARGETED_DEVICE_FAMILY = "1,2";
			};
			name = Release;
		};
/* End XCBuildConfiguration section */

/* Begin XCConfigurationList section */
		FC57DF562628930700CFFEF3 /* Build configuration list for PBXProject "FuzzyChatBot" */ = {
			isa = XCConfigurationList;
			buildConfigurations = (
				FC57DF6D2628930B00CFFEF3 /* Debug */,
				FC57DF6E2628930B00CFFEF3 /* Release */,
			);
			defaultConfigurationIsVisible = 0;
			defaultConfigurationName = Release;
		};
		FC57DF6F2628930B00CFFEF3 /* Build configuration list for PBXNativeTarget "FuzzyChatBot" */ = {
			isa = XCConfigurationList;
			buildConfigurations = (
				FC57DF702628930B00CFFEF3 /* Debug */,
				FC57DF712628930B00CFFEF3 /* Release */,
			);
			defaultConfigurationIsVisible = 0;
			defaultConfigurationName = Release;
		};
/* End XCConfigurationList section */
	};
	rootObject = FC57DF532628930700CFFEF3 /* Project object */;
}
